
Microsoft Visual Studio Solution File, Format Version 12.00
# Visual Studio 15
VisualStudioVersion = 15.0.26228.9
MinimumVisualStudioVersion = 10.0.40219.1
Project("{FAE04EC0-301F-11D3-BF4B-00C04F79EFBC}") = "Example.FormsApp.Android", "Example.FormsApp\Example.FormsApp.Android\Example.FormsApp.Android.csproj", "{D6649101-7CF4-4986-9D5D-68EE2490067A}"
EndProject
Project("{FAE04EC0-301F-11D3-BF4B-00C04F79EFBC}") = "Example.FormsApp", "Example.FormsApp\Example.FormsApp\Example.FormsApp.csproj", "{E4EF5183-6072-41D6-9EF7-4FF49A6A15B2}"
EndProject
Project("{FAE04EC0-301F-11D3-BF4B-00C04F79EFBC}") = "Example.FormsApp.iOS", "Example.FormsApp\Example.FormsApp.iOS\Example.FormsApp.iOS.csproj", "{2DCA0E02-1CD8-426C-8843-37895EE59890}"
EndProject
Global
	GlobalSection(SolutionConfigurationPlatforms) = preSolution
		Ad-Hoc|Any CPU = Ad-Hoc|Any CPU
		Ad-Hoc|iPhone = Ad-Hoc|iPhone
		Ad-Hoc|iPhoneSimulator = Ad-Hoc|iPhoneSimulator
		AppStore|Any CPU = AppStore|Any CPU
		AppStore|iPhone = AppStore|iPhone
		AppStore|iPhoneSimulator = AppStore|iPhoneSimulator
		Debug|Any CPU = Debug|Any CPU
		Debug|iPhone = Debug|iPhone
		Debug|iPhoneSimulator = Debug|iPhoneSimulator
		Release|Any CPU = Release|Any CPU
		Release|iPhone = Release|iPhone
		Release|iPhoneSimulator = Release|iPhoneSimulator
	EndGlobalSection
	GlobalSection(ProjectConfigurationPlatforms) = postSolution
		{D6649101-7CF4-4986-9D5D-68EE2490067A}.Ad-Hoc|Any CPU.ActiveCfg = Release|Any CPU
		{D6649101-7CF4-4986-9D5D-68EE2490067A}.Ad-Hoc|Any CPU.Build.0 = Release|Any CPU
		{D6649101-7CF4-4986-9D5D-68EE2490067A}.Ad-Hoc|Any CPU.Deploy.0 = Release|Any CPU
		{D6649101-7CF4-4986-9D5D-68EE2490067A}.Ad-Hoc|iPhone.ActiveCfg = Release|Any CPU
		{D6649101-7CF4-4986-9D5D-68EE2490067A}.Ad-Hoc|iPhone.Build.0 = Release|Any CPU
		{D6649101-7CF4-4986-9D5D-68EE2490067A}.Ad-Hoc|iPhone.Deploy.0 = Release|Any CPU
		{D6649101-7CF4-4986-9D5D-68EE2490067A}.Ad-Hoc|iPhoneSimulator.ActiveCfg = Release|Any CPU
		{D6649101-7CF4-4986-9D5D-68EE2490067A}.Ad-Hoc|iPhoneSimulator.Build.0 = Release|Any CPU
		{D6649101-7CF4-4986-9D5D-68EE2490067A}.Ad-Hoc|iPhoneSimulator.Deploy.0 = Release|Any CPU
		{D6649101-7CF4-4986-9D5D-68EE2490067A}.AppStore|Any CPU.ActiveCfg = Release|Any CPU
		{D6649101-7CF4-4986-9D5D-68EE2490067A}.AppStore|Any CPU.Build.0 = Release|Any CPU
		{D6649101-7CF4-4986-9D5D-68EE2490067A}.AppStore|Any CPU.Deploy.0 = Release|Any CPU
		{D6649101-7CF4-4986-9D5D-68EE2490067A}.AppStore|iPhone.ActiveCfg = Release|Any CPU
		{D6649101-7CF4-4986-9D5D-68EE2490067A}.AppStore|iPhone.Build.0 = Release|Any CPU
		{D6649101-7CF4-4986-9D5D-68EE2490067A}.AppStore|iPhone.Deploy.0 = Release|Any CPU
		{D6649101-7CF4-4986-9D5D-68EE2490067A}.AppStore|iPhoneSimulator.ActiveCfg = Release|Any CPU
		{D6649101-7CF4-4986-9D5D-68EE2490067A}.AppStore|iPhoneSimulator.Build.0 = Release|Any CPU
		{D6649101-7CF4-4986-9D5D-68EE2490067A}.AppStore|iPhoneSimulator.Deploy.0 = Release|Any CPU
		{D6649101-7CF4-4986-9D5D-68EE2490067A}.Debug|Any CPU.ActiveCfg = Debug|Any CPU
		{D6649101-7CF4-4986-9D5D-68EE2490067A}.Debug|Any CPU.Build.0 = Debug|Any CPU
		{D6649101-7CF4-4986-9D5D-68EE2490067A}.Debug|Any CPU.Deploy.0 = Debug|Any CPU
		{D6649101-7CF4-4986-9D5D-68EE2490067A}.Debug|iPhone.ActiveCfg = Debug|Any CPU
		{D6649101-7CF4-4986-9D5D-68EE2490067A}.Debug|iPhone.Build.0 = Debug|Any CPU
		{D6649101-7CF4-4986-9D5D-68EE2490067A}.Debug|iPhone.Deploy.0 = Debug|Any CPU
		{D6649101-7CF4-4986-9D5D-68EE2490067A}.Debug|iPhoneSimulator.ActiveCfg = Debug|Any CPU
		{D6649101-7CF4-4986-9D5D-68EE2490067A}.Debug|iPhoneSimulator.Build.0 = Debug|Any CPU
		{D6649101-7CF4-4986-9D5D-68EE2490067A}.Debug|iPhoneSimulator.Deploy.0 = Debug|Any CPU
		{D6649101-7CF4-4986-9D5D-68EE2490067A}.Release|Any CPU.ActiveCfg = Release|Any CPU
		{D6649101-7CF4-4986-9D5D-68EE2490067A}.Release|Any CPU.Build.0 = Release|Any CPU
		{D6649101-7CF4-4986-9D5D-68EE2490067A}.Release|Any CPU.Deploy.0 = Release|Any CPU
		{D6649101-7CF4-4986-9D5D-68EE2490067A}.Release|iPhone.ActiveCfg = Release|Any CPU
		{D6649101-7CF4-4986-9D5D-68EE2490067A}.Release|iPhone.Build.0 = Release|Any CPU
		{D6649101-7CF4-4986-9D5D-68EE2490067A}.Release|iPhone.Deploy.0 = Release|Any CPU
		{D6649101-7CF4-4986-9D5D-68EE2490067A}.Release|iPhoneSimulator.ActiveCfg = Release|Any CPU
		{D6649101-7CF4-4986-9D5D-68EE2490067A}.Release|iPhoneSimulator.Build.0 = Release|Any CPU
		{D6649101-7CF4-4986-9D5D-68EE2490067A}.Release|iPhoneSimulator.Deploy.0 = Release|Any CPU
		{E4EF5183-6072-41D6-9EF7-4FF49A6A15B2}.Ad-Hoc|Any CPU.ActiveCfg = Release|Any CPU
		{E4EF5183-6072-41D6-9EF7-4FF49A6A15B2}.Ad-Hoc|Any CPU.Build.0 = Release|Any CPU
		{E4EF5183-6072-41D6-9EF7-4FF49A6A15B2}.Ad-Hoc|iPhone.ActiveCfg = Release|Any CPU
		{E4EF5183-6072-41D6-9EF7-4FF49A6A15B2}.Ad-Hoc|iPhone.Build.0 = Release|Any CPU
		{E4EF5183-6072-41D6-9EF7-4FF49A6A15B2}.Ad-Hoc|iPhoneSimulator.ActiveCfg = Release|Any CPU
		{E4EF5183-6072-41D6-9EF7-4FF49A6A15B2}.Ad-Hoc|iPhoneSimulator.Build.0 = Release|Any CPU
		{E4EF5183-6072-41D6-9EF7-4FF49A6A15B2}.AppStore|Any CPU.ActiveCfg = Release|Any CPU
		{E4EF5183-6072-41D6-9EF7-4FF49A6A15B2}.AppStore|Any CPU.Build.0 = Release|Any CPU
		{E4EF5183-6072-41D6-9EF7-4FF49A6A15B2}.AppStore|iPhone.ActiveCfg = Release|Any CPU
		{E4EF5183-6072-41D6-9EF7-4FF49A6A15B2}.AppStore|iPhone.Build.0 = Release|Any CPU
		{E4EF5183-6072-41D6-9EF7-4FF49A6A15B2}.AppStore|iPhoneSimulator.ActiveCfg = Release|Any CPU
		{E4EF5183-6072-41D6-9EF7-4FF49A6A15B2}.AppStore|iPhoneSimulator.Build.0 = Release|Any CPU
		{E4EF5183-6072-41D6-9EF7-4FF49A6A15B2}.Debug|Any CPU.ActiveCfg = Debug|Any CPU
		{E4EF5183-6072-41D6-9EF7-4FF49A6A15B2}.Debug|Any CPU.Build.0 = Debug|Any CPU
		{E4EF5183-6072-41D6-9EF7-4FF49A6A15B2}.Debug|iPhone.ActiveCfg = Debug|Any CPU
		{E4EF5183-6072-41D6-9EF7-4FF49A6A15B2}.Debug|iPhone.Build.0 = Debug|Any CPU
		{E4EF5183-6072-41D6-9EF7-4FF49A6A15B2}.Debug|iPhoneSimulator.ActiveCfg = Debug|Any CPU
		{E4EF5183-6072-41D6-9EF7-4FF49A6A15B2}.Debug|iPhoneSimulator.Build.0 = Debug|Any CPU
		{E4EF5183-6072-41D6-9EF7-4FF49A6A15B2}.Release|Any CPU.ActiveCfg = Release|Any CPU
		{E4EF5183-6072-41D6-9EF7-4FF49A6A15B2}.Release|Any CPU.Build.0 = Release|Any CPU
		{E4EF5183-6072-41D6-9EF7-4FF49A6A15B2}.Release|iPhone.ActiveCfg = Release|Any CPU
		{E4EF5183-6072-41D6-9EF7-4FF49A6A15B2}.Release|iPhone.Build.0 = Release|Any CPU
		{E4EF5183-6072-41D6-9EF7-4FF49A6A15B2}.Release|iPhoneSimulator.ActiveCfg = Release|Any CPU
		{E4EF5183-6072-41D6-9EF7-4FF49A6A15B2}.Release|iPhoneSimulator.Build.0 = Release|Any CPU
		{2DCA0E02-1CD8-426C-8843-37895EE59890}.Ad-Hoc|Any CPU.ActiveCfg = Ad-Hoc|iPhone
		{2DCA0E02-1CD8-426C-8843-37895EE59890}.Ad-Hoc|iPhone.ActiveCfg = Ad-Hoc|iPhone
		{2DCA0E02-1CD8-426C-8843-37895EE59890}.Ad-Hoc|iPhone.Build.0 = Ad-Hoc|iPhone
		{2DCA0E02-1CD8-426C-8843-37895EE59890}.Ad-Hoc|iPhoneSimulator.ActiveCfg = Ad-Hoc|iPhoneSimulator
		{2DCA0E02-1CD8-426C-8843-37895EE59890}.Ad-Hoc|iPhoneSimulator.Build.0 = Ad-Hoc|iPhoneSimulator
		{2DCA0E02-1CD8-426C-8843-37895EE59890}.AppStore|Any CPU.ActiveCfg = AppStore|iPhone
		{2DCA0E02-1CD8-426C-8843-37895EE59890}.AppStore|iPhone.ActiveCfg = AppStore|iPhone
		{2DCA0E02-1CD8-426C-8843-37895EE59890}.AppStore|iPhone.Build.0 = AppStore|iPhone
		{2DCA0E02-1CD8-426C-8843-37895EE59890}.AppStore|iPhoneSimulator.ActiveCfg = AppStore|iPhoneSimulator
		{2DCA0E02-1CD8-426C-8843-37895EE59890}.AppStore|iPhoneSimulator.Build.0 = AppStore|iPhoneSimulator
		{2DCA0E02-1CD8-426C-8843-37895EE59890}.Debug|Any CPU.ActiveCfg = Debug|iPhone
		{2DCA0E02-1CD8-426C-8843-37895EE59890}.Debug|iPhone.ActiveCfg = Debug|iPhone
		{2DCA0E02-1CD8-426C-8843-37895EE59890}.Debug|iPhone.Build.0 = Debug|iPhone
		{2DCA0E02-1CD8-426C-8843-37895EE59890}.Debug|iPhoneSimulator.ActiveCfg = Debug|iPhoneSimulator
		{2DCA0E02-1CD8-426C-8843-37895EE59890}.Debug|iPhoneSimulator.Build.0 = Debug|iPhoneSimulator
		{2DCA0E02-1CD8-426C-8843-37895EE59890}.Release|Any CPU.ActiveCfg = Release|iPhone
		{2DCA0E02-1CD8-426C-8843-37895EE59890}.Release|iPhone.ActiveCfg = Release|iPhone
		{2DCA0E02-1CD8-426C-8843-37895EE59890}.Release|iPhone.Build.0 = Release|iPhone
		{2DCA0E02-1CD8-426C-8843-37895EE59890}.Release|iPhoneSimulator.ActiveCfg = Release|iPhoneSimulator
		{2DCA0E02-1CD8-426C-8843-37895EE59890}.Release|iPhoneSimulator.Build.0 = Release|iPhoneSimulator
	EndGlobalSection
	GlobalSection(SolutionProperties) = preSolution
		HideSolutionNode = FALSE
	EndGlobalSection
EndGlobal
