
Microsoft Visual Studio Solution File, Format Version 12.00
# Visual Studio 15
VisualStudioVersion = 15.0.26403.0
MinimumVisualStudioVersion = 10.0.40219.1
Project("{FAE04EC0-301F-11D3-BF4B-00C04F79EFBC}") = "Example.FormsApp.Android", "Example.FormsApp\Example.FormsApp.Android\Example.FormsApp.Android.csproj", "{736FF6E8-7074-41B5-A7F1-A65A56AFC4FC}"
EndProject
Project("{FAE04EC0-301F-11D3-BF4B-00C04F79EFBC}") = "Example.FormsApp", "Example.FormsApp\Example.FormsApp\Example.FormsApp.csproj", "{87302377-22C2-4E7F-847B-54AA592DB82B}"
EndProject
Project("{FAE04EC0-301F-11D3-BF4B-00C04F79EFBC}") = "Example.FormsApp.iOS", "Example.FormsApp\Example.FormsApp.iOS\Example.FormsApp.iOS.csproj", "{021A5FC3-0E7B-4484-85FC-744DDFDDDF5A}"
EndProject
Global
	GlobalSection(SolutionConfigurationPlatforms) = preSolution
		Ad-Hoc|Any CPU = Ad-Hoc|Any CPU
		Ad-Hoc|iPhone = Ad-Hoc|iPhone
		Ad-Hoc|iPhoneSimulator = Ad-Hoc|iPhoneSimulator
		AppStore|Any CPU = AppStore|Any CPU
		AppStore|iPhone = AppStore|iPhone
		AppStore|iPhoneSimulator = AppStore|iPhoneSimulator
		Debug|Any CPU = Debug|Any CPU
		Debug|iPhone = Debug|iPhone
		Debug|iPhoneSimulator = Debug|iPhoneSimulator
		Release|Any CPU = Release|Any CPU
		Release|iPhone = Release|iPhone
		Release|iPhoneSimulator = Release|iPhoneSimulator
	EndGlobalSection
	GlobalSection(ProjectConfigurationPlatforms) = postSolution
		{736FF6E8-7074-41B5-A7F1-A65A56AFC4FC}.Ad-Hoc|Any CPU.ActiveCfg = Release|Any CPU
		{736FF6E8-7074-41B5-A7F1-A65A56AFC4FC}.Ad-Hoc|Any CPU.Build.0 = Release|Any CPU
		{736FF6E8-7074-41B5-A7F1-A65A56AFC4FC}.Ad-Hoc|Any CPU.Deploy.0 = Release|Any CPU
		{736FF6E8-7074-41B5-A7F1-A65A56AFC4FC}.Ad-Hoc|iPhone.ActiveCfg = Release|Any CPU
		{736FF6E8-7074-41B5-A7F1-A65A56AFC4FC}.Ad-Hoc|iPhone.Build.0 = Release|Any CPU
		{736FF6E8-7074-41B5-A7F1-A65A56AFC4FC}.Ad-Hoc|iPhone.Deploy.0 = Release|Any CPU
		{736FF6E8-7074-41B5-A7F1-A65A56AFC4FC}.Ad-Hoc|iPhoneSimulator.ActiveCfg = Release|Any CPU
		{736FF6E8-7074-41B5-A7F1-A65A56AFC4FC}.Ad-Hoc|iPhoneSimulator.Build.0 = Release|Any CPU
		{736FF6E8-7074-41B5-A7F1-A65A56AFC4FC}.Ad-Hoc|iPhoneSimulator.Deploy.0 = Release|Any CPU
		{736FF6E8-7074-41B5-A7F1-A65A56AFC4FC}.AppStore|Any CPU.ActiveCfg = Release|Any CPU
		{736FF6E8-7074-41B5-A7F1-A65A56AFC4FC}.AppStore|Any CPU.Build.0 = Release|Any CPU
		{736FF6E8-7074-41B5-A7F1-A65A56AFC4FC}.AppStore|Any CPU.Deploy.0 = Release|Any CPU
		{736FF6E8-7074-41B5-A7F1-A65A56AFC4FC}.AppStore|iPhone.ActiveCfg = Release|Any CPU
		{736FF6E8-7074-41B5-A7F1-A65A56AFC4FC}.AppStore|iPhone.Build.0 = Release|Any CPU
		{736FF6E8-7074-41B5-A7F1-A65A56AFC4FC}.AppStore|iPhone.Deploy.0 = Release|Any CPU
		{736FF6E8-7074-41B5-A7F1-A65A56AFC4FC}.AppStore|iPhoneSimulator.ActiveCfg = Release|Any CPU
		{736FF6E8-7074-41B5-A7F1-A65A56AFC4FC}.AppStore|iPhoneSimulator.Build.0 = Release|Any CPU
		{736FF6E8-7074-41B5-A7F1-A65A56AFC4FC}.AppStore|iPhoneSimulator.Deploy.0 = Release|Any CPU
		{736FF6E8-7074-41B5-A7F1-A65A56AFC4FC}.Debug|Any CPU.ActiveCfg = Debug|Any CPU
		{736FF6E8-7074-41B5-A7F1-A65A56AFC4FC}.Debug|Any CPU.Build.0 = Debug|Any CPU
		{736FF6E8-7074-41B5-A7F1-A65A56AFC4FC}.Debug|Any CPU.Deploy.0 = Debug|Any CPU
		{736FF6E8-7074-41B5-A7F1-A65A56AFC4FC}.Debug|iPhone.ActiveCfg = Debug|Any CPU
		{736FF6E8-7074-41B5-A7F1-A65A56AFC4FC}.Debug|iPhone.Build.0 = Debug|Any CPU
		{736FF6E8-7074-41B5-A7F1-A65A56AFC4FC}.Debug|iPhone.Deploy.0 = Debug|Any CPU
		{736FF6E8-7074-41B5-A7F1-A65A56AFC4FC}.Debug|iPhoneSimulator.ActiveCfg = Debug|Any CPU
		{736FF6E8-7074-41B5-A7F1-A65A56AFC4FC}.Debug|iPhoneSimulator.Build.0 = Debug|Any CPU
		{736FF6E8-7074-41B5-A7F1-A65A56AFC4FC}.Debug|iPhoneSimulator.Deploy.0 = Debug|Any CPU
		{736FF6E8-7074-41B5-A7F1-A65A56AFC4FC}.Release|Any CPU.ActiveCfg = Release|Any CPU
		{736FF6E8-7074-41B5-A7F1-A65A56AFC4FC}.Release|Any CPU.Build.0 = Release|Any CPU
		{736FF6E8-7074-41B5-A7F1-A65A56AFC4FC}.Release|Any CPU.Deploy.0 = Release|Any CPU
		{736FF6E8-7074-41B5-A7F1-A65A56AFC4FC}.Release|iPhone.ActiveCfg = Release|Any CPU
		{736FF6E8-7074-41B5-A7F1-A65A56AFC4FC}.Release|iPhone.Build.0 = Release|Any CPU
		{736FF6E8-7074-41B5-A7F1-A65A56AFC4FC}.Release|iPhone.Deploy.0 = Release|Any CPU
		{736FF6E8-7074-41B5-A7F1-A65A56AFC4FC}.Release|iPhoneSimulator.ActiveCfg = Release|Any CPU
		{736FF6E8-7074-41B5-A7F1-A65A56AFC4FC}.Release|iPhoneSimulator.Build.0 = Release|Any CPU
		{736FF6E8-7074-41B5-A7F1-A65A56AFC4FC}.Release|iPhoneSimulator.Deploy.0 = Release|Any CPU
		{87302377-22C2-4E7F-847B-54AA592DB82B}.Ad-Hoc|Any CPU.ActiveCfg = Release|Any CPU
		{87302377-22C2-4E7F-847B-54AA592DB82B}.Ad-Hoc|Any CPU.Build.0 = Release|Any CPU
		{87302377-22C2-4E7F-847B-54AA592DB82B}.Ad-Hoc|iPhone.ActiveCfg = Release|Any CPU
		{87302377-22C2-4E7F-847B-54AA592DB82B}.Ad-Hoc|iPhone.Build.0 = Release|Any CPU
		{87302377-22C2-4E7F-847B-54AA592DB82B}.Ad-Hoc|iPhoneSimulator.ActiveCfg = Release|Any CPU
		{87302377-22C2-4E7F-847B-54AA592DB82B}.Ad-Hoc|iPhoneSimulator.Build.0 = Release|Any CPU
		{87302377-22C2-4E7F-847B-54AA592DB82B}.AppStore|Any CPU.ActiveCfg = Release|Any CPU
		{87302377-22C2-4E7F-847B-54AA592DB82B}.AppStore|Any CPU.Build.0 = Release|Any CPU
		{87302377-22C2-4E7F-847B-54AA592DB82B}.AppStore|iPhone.ActiveCfg = Release|Any CPU
		{87302377-22C2-4E7F-847B-54AA592DB82B}.AppStore|iPhone.Build.0 = Release|Any CPU
		{87302377-22C2-4E7F-847B-54AA592DB82B}.AppStore|iPhoneSimulator.ActiveCfg = Release|Any CPU
		{87302377-22C2-4E7F-847B-54AA592DB82B}.AppStore|iPhoneSimulator.Build.0 = Release|Any CPU
		{87302377-22C2-4E7F-847B-54AA592DB82B}.Debug|Any CPU.ActiveCfg = Debug|Any CPU
		{87302377-22C2-4E7F-847B-54AA592DB82B}.Debug|Any CPU.Build.0 = Debug|Any CPU
		{87302377-22C2-4E7F-847B-54AA592DB82B}.Debug|iPhone.ActiveCfg = Debug|Any CPU
		{87302377-22C2-4E7F-847B-54AA592DB82B}.Debug|iPhone.Build.0 = Debug|Any CPU
		{87302377-22C2-4E7F-847B-54AA592DB82B}.Debug|iPhoneSimulator.ActiveCfg = Debug|Any CPU
		{87302377-22C2-4E7F-847B-54AA592DB82B}.Debug|iPhoneSimulator.Build.0 = Debug|Any CPU
		{87302377-22C2-4E7F-847B-54AA592DB82B}.Release|Any CPU.ActiveCfg = Release|Any CPU
		{87302377-22C2-4E7F-847B-54AA592DB82B}.Release|Any CPU.Build.0 = Release|Any CPU
		{87302377-22C2-4E7F-847B-54AA592DB82B}.Release|iPhone.ActiveCfg = Release|Any CPU
		{87302377-22C2-4E7F-847B-54AA592DB82B}.Release|iPhone.Build.0 = Release|Any CPU
		{87302377-22C2-4E7F-847B-54AA592DB82B}.Release|iPhoneSimulator.ActiveCfg = Release|Any CPU
		{87302377-22C2-4E7F-847B-54AA592DB82B}.Release|iPhoneSimulator.Build.0 = Release|Any CPU
		{021A5FC3-0E7B-4484-85FC-744DDFDDDF5A}.Ad-Hoc|Any CPU.ActiveCfg = Ad-Hoc|iPhone
		{021A5FC3-0E7B-4484-85FC-744DDFDDDF5A}.Ad-Hoc|iPhone.ActiveCfg = Ad-Hoc|iPhone
		{021A5FC3-0E7B-4484-85FC-744DDFDDDF5A}.Ad-Hoc|iPhone.Build.0 = Ad-Hoc|iPhone
		{021A5FC3-0E7B-4484-85FC-744DDFDDDF5A}.Ad-Hoc|iPhoneSimulator.ActiveCfg = Ad-Hoc|iPhoneSimulator
		{021A5FC3-0E7B-4484-85FC-744DDFDDDF5A}.Ad-Hoc|iPhoneSimulator.Build.0 = Ad-Hoc|iPhoneSimulator
		{021A5FC3-0E7B-4484-85FC-744DDFDDDF5A}.AppStore|Any CPU.ActiveCfg = AppStore|iPhone
		{021A5FC3-0E7B-4484-85FC-744DDFDDDF5A}.AppStore|iPhone.ActiveCfg = AppStore|iPhone
		{021A5FC3-0E7B-4484-85FC-744DDFDDDF5A}.AppStore|iPhone.Build.0 = AppStore|iPhone
		{021A5FC3-0E7B-4484-85FC-744DDFDDDF5A}.AppStore|iPhoneSimulator.ActiveCfg = AppStore|iPhoneSimulator
		{021A5FC3-0E7B-4484-85FC-744DDFDDDF5A}.AppStore|iPhoneSimulator.Build.0 = AppStore|iPhoneSimulator
		{021A5FC3-0E7B-4484-85FC-744DDFDDDF5A}.Debug|Any CPU.ActiveCfg = Debug|iPhone
		{021A5FC3-0E7B-4484-85FC-744DDFDDDF5A}.Debug|iPhone.ActiveCfg = Debug|iPhone
		{021A5FC3-0E7B-4484-85FC-744DDFDDDF5A}.Debug|iPhone.Build.0 = Debug|iPhone
		{021A5FC3-0E7B-4484-85FC-744DDFDDDF5A}.Debug|iPhoneSimulator.ActiveCfg = Debug|iPhoneSimulator
		{021A5FC3-0E7B-4484-85FC-744DDFDDDF5A}.Debug|iPhoneSimulator.Build.0 = Debug|iPhoneSimulator
		{021A5FC3-0E7B-4484-85FC-744DDFDDDF5A}.Release|Any CPU.ActiveCfg = Release|iPhone
		{021A5FC3-0E7B-4484-85FC-744DDFDDDF5A}.Release|iPhone.ActiveCfg = Release|iPhone
		{021A5FC3-0E7B-4484-85FC-744DDFDDDF5A}.Release|iPhone.Build.0 = Release|iPhone
		{021A5FC3-0E7B-4484-85FC-744DDFDDDF5A}.Release|iPhoneSimulator.ActiveCfg = Release|iPhoneSimulator
		{021A5FC3-0E7B-4484-85FC-744DDFDDDF5A}.Release|iPhoneSimulator.Build.0 = Release|iPhoneSimulator
	EndGlobalSection
	GlobalSection(SolutionProperties) = preSolution
		HideSolutionNode = FALSE
	EndGlobalSection
EndGlobal
