
Microsoft Visual Studio Solution File, Format Version 12.00
# Visual Studio 15
VisualStudioVersion = 15.0.27004.2006
MinimumVisualStudioVersion = 10.0.40219.1
Project("{D954291E-2A0B-460D-934E-DC6B0785DB48}") = "FeliCaReader", "FeliCaReader\FeliCaReader\FeliCaReader.shproj", "{DFD4B0D9-8889-4EDB-9EE1-2B5B1B33FCCA}"
EndProject
Project("{FAE04EC0-301F-11D3-BF4B-00C04F79EFBC}") = "FeliCaReader.Android", "FeliCaReader\FeliCaReader.Android\FeliCaReader.Android.csproj", "{1D6F038C-2375-4E3F-8928-CF6202065243}"
EndProject
Global
	GlobalSection(SharedMSBuildProjectFiles) = preSolution
		FeliCaReader\FeliCaReader\FeliCaReader.projitems*{1d6f038c-2375-4e3f-8928-cf6202065243}*SharedItemsImports = 4
		FeliCaReader\FeliCaReader\FeliCaReader.projitems*{dfd4b0d9-8889-4edb-9ee1-2b5b1b33fcca}*SharedItemsImports = 13
	EndGlobalSection
	GlobalSection(SolutionConfigurationPlatforms) = preSolution
		Ad-Hoc|Any CPU = Ad-Hoc|Any CPU
		Ad-Hoc|iPhone = Ad-Hoc|iPhone
		Ad-Hoc|iPhoneSimulator = Ad-Hoc|iPhoneSimulator
		AppStore|Any CPU = AppStore|Any CPU
		AppStore|iPhone = AppStore|iPhone
		AppStore|iPhoneSimulator = AppStore|iPhoneSimulator
		Debug|Any CPU = Debug|Any CPU
		Debug|iPhone = Debug|iPhone
		Debug|iPhoneSimulator = Debug|iPhoneSimulator
		Release|Any CPU = Release|Any CPU
		Release|iPhone = Release|iPhone
		Release|iPhoneSimulator = Release|iPhoneSimulator
	EndGlobalSection
	GlobalSection(ProjectConfigurationPlatforms) = postSolution
		{1D6F038C-2375-4E3F-8928-CF6202065243}.Ad-Hoc|Any CPU.ActiveCfg = Release|Any CPU
		{1D6F038C-2375-4E3F-8928-CF6202065243}.Ad-Hoc|Any CPU.Build.0 = Release|Any CPU
		{1D6F038C-2375-4E3F-8928-CF6202065243}.Ad-Hoc|Any CPU.Deploy.0 = Release|Any CPU
		{1D6F038C-2375-4E3F-8928-CF6202065243}.Ad-Hoc|iPhone.ActiveCfg = Release|Any CPU
		{1D6F038C-2375-4E3F-8928-CF6202065243}.Ad-Hoc|iPhone.Build.0 = Release|Any CPU
		{1D6F038C-2375-4E3F-8928-CF6202065243}.Ad-Hoc|iPhone.Deploy.0 = Release|Any CPU
		{1D6F038C-2375-4E3F-8928-CF6202065243}.Ad-Hoc|iPhoneSimulator.ActiveCfg = Release|Any CPU
		{1D6F038C-2375-4E3F-8928-CF6202065243}.Ad-Hoc|iPhoneSimulator.Build.0 = Release|Any CPU
		{1D6F038C-2375-4E3F-8928-CF6202065243}.Ad-Hoc|iPhoneSimulator.Deploy.0 = Release|Any CPU
		{1D6F038C-2375-4E3F-8928-CF6202065243}.AppStore|Any CPU.ActiveCfg = Release|Any CPU
		{1D6F038C-2375-4E3F-8928-CF6202065243}.AppStore|Any CPU.Build.0 = Release|Any CPU
		{1D6F038C-2375-4E3F-8928-CF6202065243}.AppStore|Any CPU.Deploy.0 = Release|Any CPU
		{1D6F038C-2375-4E3F-8928-CF6202065243}.AppStore|iPhone.ActiveCfg = Release|Any CPU
		{1D6F038C-2375-4E3F-8928-CF6202065243}.AppStore|iPhone.Build.0 = Release|Any CPU
		{1D6F038C-2375-4E3F-8928-CF6202065243}.AppStore|iPhone.Deploy.0 = Release|Any CPU
		{1D6F038C-2375-4E3F-8928-CF6202065243}.AppStore|iPhoneSimulator.ActiveCfg = Release|Any CPU
		{1D6F038C-2375-4E3F-8928-CF6202065243}.AppStore|iPhoneSimulator.Build.0 = Release|Any CPU
		{1D6F038C-2375-4E3F-8928-CF6202065243}.AppStore|iPhoneSimulator.Deploy.0 = Release|Any CPU
		{1D6F038C-2375-4E3F-8928-CF6202065243}.Debug|Any CPU.ActiveCfg = Debug|Any CPU
		{1D6F038C-2375-4E3F-8928-CF6202065243}.Debug|Any CPU.Build.0 = Debug|Any CPU
		{1D6F038C-2375-4E3F-8928-CF6202065243}.Debug|Any CPU.Deploy.0 = Debug|Any CPU
		{1D6F038C-2375-4E3F-8928-CF6202065243}.Debug|iPhone.ActiveCfg = Debug|Any CPU
		{1D6F038C-2375-4E3F-8928-CF6202065243}.Debug|iPhone.Build.0 = Debug|Any CPU
		{1D6F038C-2375-4E3F-8928-CF6202065243}.Debug|iPhone.Deploy.0 = Debug|Any CPU
		{1D6F038C-2375-4E3F-8928-CF6202065243}.Debug|iPhoneSimulator.ActiveCfg = Debug|Any CPU
		{1D6F038C-2375-4E3F-8928-CF6202065243}.Debug|iPhoneSimulator.Build.0 = Debug|Any CPU
		{1D6F038C-2375-4E3F-8928-CF6202065243}.Debug|iPhoneSimulator.Deploy.0 = Debug|Any CPU
		{1D6F038C-2375-4E3F-8928-CF6202065243}.Release|Any CPU.ActiveCfg = Release|Any CPU
		{1D6F038C-2375-4E3F-8928-CF6202065243}.Release|Any CPU.Build.0 = Release|Any CPU
		{1D6F038C-2375-4E3F-8928-CF6202065243}.Release|Any CPU.Deploy.0 = Release|Any CPU
		{1D6F038C-2375-4E3F-8928-CF6202065243}.Release|iPhone.ActiveCfg = Release|Any CPU
		{1D6F038C-2375-4E3F-8928-CF6202065243}.Release|iPhone.Build.0 = Release|Any CPU
		{1D6F038C-2375-4E3F-8928-CF6202065243}.Release|iPhone.Deploy.0 = Release|Any CPU
		{1D6F038C-2375-4E3F-8928-CF6202065243}.Release|iPhoneSimulator.ActiveCfg = Release|Any CPU
		{1D6F038C-2375-4E3F-8928-CF6202065243}.Release|iPhoneSimulator.Build.0 = Release|Any CPU
		{1D6F038C-2375-4E3F-8928-CF6202065243}.Release|iPhoneSimulator.Deploy.0 = Release|Any CPU
	EndGlobalSection
	GlobalSection(SolutionProperties) = preSolution
		HideSolutionNode = FALSE
	EndGlobalSection
	GlobalSection(ExtensibilityGlobals) = postSolution
		SolutionGuid = {134591DA-85D4-473C-81B6-6367944C3EB1}
	EndGlobalSection
EndGlobal
