
Microsoft Visual Studio Solution File, Format Version 12.00
# Visual Studio 15
VisualStudioVersion = 15.0.26730.16
MinimumVisualStudioVersion = 10.0.40219.1
Project("{FAE04EC0-301F-11D3-BF4B-00C04F79EFBC}") = "AotCheck.FormsApp.Android", "AotCheck.FormsApp\AotCheck.FormsApp.Android\AotCheck.FormsApp.Android.csproj", "{C151BC10-A5EC-4117-9516-53563DECE2E0}"
EndProject
Project("{FAE04EC0-301F-11D3-BF4B-00C04F79EFBC}") = "AotCheck.FormsApp.iOS", "AotCheck.FormsApp\AotCheck.FormsApp.iOS\AotCheck.FormsApp.iOS.csproj", "{AE1595A0-DA29-4067-8965-6536D3DA35EA}"
EndProject
Project("{9A19103F-16F7-4668-BE54-9A1E7A4F7556}") = "AotCheck.FormsApp", "AotCheck.FormsApp\AotCheck.FormsApp\AotCheck.FormsApp.csproj", "{7EA64101-97CE-49C5-A762-A20F5348565D}"
EndProject
Global
	GlobalSection(SolutionConfigurationPlatforms) = preSolution
		Ad-Hoc|Any CPU = Ad-Hoc|Any CPU
		Ad-Hoc|iPhone = Ad-Hoc|iPhone
		Ad-Hoc|iPhoneSimulator = Ad-Hoc|iPhoneSimulator
		AppStore|Any CPU = AppStore|Any CPU
		AppStore|iPhone = AppStore|iPhone
		AppStore|iPhoneSimulator = AppStore|iPhoneSimulator
		Debug|Any CPU = Debug|Any CPU
		Debug|iPhone = Debug|iPhone
		Debug|iPhoneSimulator = Debug|iPhoneSimulator
		Release|Any CPU = Release|Any CPU
		Release|iPhone = Release|iPhone
		Release|iPhoneSimulator = Release|iPhoneSimulator
	EndGlobalSection
	GlobalSection(ProjectConfigurationPlatforms) = postSolution
		{C151BC10-A5EC-4117-9516-53563DECE2E0}.Ad-Hoc|Any CPU.ActiveCfg = Release|Any CPU
		{C151BC10-A5EC-4117-9516-53563DECE2E0}.Ad-Hoc|Any CPU.Build.0 = Release|Any CPU
		{C151BC10-A5EC-4117-9516-53563DECE2E0}.Ad-Hoc|Any CPU.Deploy.0 = Release|Any CPU
		{C151BC10-A5EC-4117-9516-53563DECE2E0}.Ad-Hoc|iPhone.ActiveCfg = Release|Any CPU
		{C151BC10-A5EC-4117-9516-53563DECE2E0}.Ad-Hoc|iPhone.Build.0 = Release|Any CPU
		{C151BC10-A5EC-4117-9516-53563DECE2E0}.Ad-Hoc|iPhone.Deploy.0 = Release|Any CPU
		{C151BC10-A5EC-4117-9516-53563DECE2E0}.Ad-Hoc|iPhoneSimulator.ActiveCfg = Release|Any CPU
		{C151BC10-A5EC-4117-9516-53563DECE2E0}.Ad-Hoc|iPhoneSimulator.Build.0 = Release|Any CPU
		{C151BC10-A5EC-4117-9516-53563DECE2E0}.Ad-Hoc|iPhoneSimulator.Deploy.0 = Release|Any CPU
		{C151BC10-A5EC-4117-9516-53563DECE2E0}.AppStore|Any CPU.ActiveCfg = Release|Any CPU
		{C151BC10-A5EC-4117-9516-53563DECE2E0}.AppStore|Any CPU.Build.0 = Release|Any CPU
		{C151BC10-A5EC-4117-9516-53563DECE2E0}.AppStore|Any CPU.Deploy.0 = Release|Any CPU
		{C151BC10-A5EC-4117-9516-53563DECE2E0}.AppStore|iPhone.ActiveCfg = Release|Any CPU
		{C151BC10-A5EC-4117-9516-53563DECE2E0}.AppStore|iPhone.Build.0 = Release|Any CPU
		{C151BC10-A5EC-4117-9516-53563DECE2E0}.AppStore|iPhone.Deploy.0 = Release|Any CPU
		{C151BC10-A5EC-4117-9516-53563DECE2E0}.AppStore|iPhoneSimulator.ActiveCfg = Release|Any CPU
		{C151BC10-A5EC-4117-9516-53563DECE2E0}.AppStore|iPhoneSimulator.Build.0 = Release|Any CPU
		{C151BC10-A5EC-4117-9516-53563DECE2E0}.AppStore|iPhoneSimulator.Deploy.0 = Release|Any CPU
		{C151BC10-A5EC-4117-9516-53563DECE2E0}.Debug|Any CPU.ActiveCfg = Debug|Any CPU
		{C151BC10-A5EC-4117-9516-53563DECE2E0}.Debug|Any CPU.Build.0 = Debug|Any CPU
		{C151BC10-A5EC-4117-9516-53563DECE2E0}.Debug|Any CPU.Deploy.0 = Debug|Any CPU
		{C151BC10-A5EC-4117-9516-53563DECE2E0}.Debug|iPhone.ActiveCfg = Debug|Any CPU
		{C151BC10-A5EC-4117-9516-53563DECE2E0}.Debug|iPhone.Build.0 = Debug|Any CPU
		{C151BC10-A5EC-4117-9516-53563DECE2E0}.Debug|iPhone.Deploy.0 = Debug|Any CPU
		{C151BC10-A5EC-4117-9516-53563DECE2E0}.Debug|iPhoneSimulator.ActiveCfg = Debug|Any CPU
		{C151BC10-A5EC-4117-9516-53563DECE2E0}.Debug|iPhoneSimulator.Build.0 = Debug|Any CPU
		{C151BC10-A5EC-4117-9516-53563DECE2E0}.Debug|iPhoneSimulator.Deploy.0 = Debug|Any CPU
		{C151BC10-A5EC-4117-9516-53563DECE2E0}.Release|Any CPU.ActiveCfg = Release|Any CPU
		{C151BC10-A5EC-4117-9516-53563DECE2E0}.Release|Any CPU.Build.0 = Release|Any CPU
		{C151BC10-A5EC-4117-9516-53563DECE2E0}.Release|Any CPU.Deploy.0 = Release|Any CPU
		{C151BC10-A5EC-4117-9516-53563DECE2E0}.Release|iPhone.ActiveCfg = Release|Any CPU
		{C151BC10-A5EC-4117-9516-53563DECE2E0}.Release|iPhone.Build.0 = Release|Any CPU
		{C151BC10-A5EC-4117-9516-53563DECE2E0}.Release|iPhone.Deploy.0 = Release|Any CPU
		{C151BC10-A5EC-4117-9516-53563DECE2E0}.Release|iPhoneSimulator.ActiveCfg = Release|Any CPU
		{C151BC10-A5EC-4117-9516-53563DECE2E0}.Release|iPhoneSimulator.Build.0 = Release|Any CPU
		{C151BC10-A5EC-4117-9516-53563DECE2E0}.Release|iPhoneSimulator.Deploy.0 = Release|Any CPU
		{AE1595A0-DA29-4067-8965-6536D3DA35EA}.Ad-Hoc|Any CPU.ActiveCfg = Ad-Hoc|iPhone
		{AE1595A0-DA29-4067-8965-6536D3DA35EA}.Ad-Hoc|iPhone.ActiveCfg = Ad-Hoc|iPhone
		{AE1595A0-DA29-4067-8965-6536D3DA35EA}.Ad-Hoc|iPhone.Build.0 = Ad-Hoc|iPhone
		{AE1595A0-DA29-4067-8965-6536D3DA35EA}.Ad-Hoc|iPhoneSimulator.ActiveCfg = Ad-Hoc|iPhoneSimulator
		{AE1595A0-DA29-4067-8965-6536D3DA35EA}.Ad-Hoc|iPhoneSimulator.Build.0 = Ad-Hoc|iPhoneSimulator
		{AE1595A0-DA29-4067-8965-6536D3DA35EA}.AppStore|Any CPU.ActiveCfg = AppStore|iPhone
		{AE1595A0-DA29-4067-8965-6536D3DA35EA}.AppStore|iPhone.ActiveCfg = AppStore|iPhone
		{AE1595A0-DA29-4067-8965-6536D3DA35EA}.AppStore|iPhone.Build.0 = AppStore|iPhone
		{AE1595A0-DA29-4067-8965-6536D3DA35EA}.AppStore|iPhoneSimulator.ActiveCfg = AppStore|iPhoneSimulator
		{AE1595A0-DA29-4067-8965-6536D3DA35EA}.AppStore|iPhoneSimulator.Build.0 = AppStore|iPhoneSimulator
		{AE1595A0-DA29-4067-8965-6536D3DA35EA}.Debug|Any CPU.ActiveCfg = Debug|iPhone
		{AE1595A0-DA29-4067-8965-6536D3DA35EA}.Debug|iPhone.ActiveCfg = Debug|iPhone
		{AE1595A0-DA29-4067-8965-6536D3DA35EA}.Debug|iPhone.Build.0 = Debug|iPhone
		{AE1595A0-DA29-4067-8965-6536D3DA35EA}.Debug|iPhoneSimulator.ActiveCfg = Debug|iPhoneSimulator
		{AE1595A0-DA29-4067-8965-6536D3DA35EA}.Debug|iPhoneSimulator.Build.0 = Debug|iPhoneSimulator
		{AE1595A0-DA29-4067-8965-6536D3DA35EA}.Release|Any CPU.ActiveCfg = Release|iPhone
		{AE1595A0-DA29-4067-8965-6536D3DA35EA}.Release|iPhone.ActiveCfg = Release|iPhone
		{AE1595A0-DA29-4067-8965-6536D3DA35EA}.Release|iPhone.Build.0 = Release|iPhone
		{AE1595A0-DA29-4067-8965-6536D3DA35EA}.Release|iPhoneSimulator.ActiveCfg = Release|iPhoneSimulator
		{AE1595A0-DA29-4067-8965-6536D3DA35EA}.Release|iPhoneSimulator.Build.0 = Release|iPhoneSimulator
		{7EA64101-97CE-49C5-A762-A20F5348565D}.Ad-Hoc|Any CPU.ActiveCfg = Debug|Any CPU
		{7EA64101-97CE-49C5-A762-A20F5348565D}.Ad-Hoc|Any CPU.Build.0 = Debug|Any CPU
		{7EA64101-97CE-49C5-A762-A20F5348565D}.Ad-Hoc|iPhone.ActiveCfg = Debug|Any CPU
		{7EA64101-97CE-49C5-A762-A20F5348565D}.Ad-Hoc|iPhone.Build.0 = Debug|Any CPU
		{7EA64101-97CE-49C5-A762-A20F5348565D}.Ad-Hoc|iPhoneSimulator.ActiveCfg = Debug|Any CPU
		{7EA64101-97CE-49C5-A762-A20F5348565D}.Ad-Hoc|iPhoneSimulator.Build.0 = Debug|Any CPU
		{7EA64101-97CE-49C5-A762-A20F5348565D}.AppStore|Any CPU.ActiveCfg = Debug|Any CPU
		{7EA64101-97CE-49C5-A762-A20F5348565D}.AppStore|Any CPU.Build.0 = Debug|Any CPU
		{7EA64101-97CE-49C5-A762-A20F5348565D}.AppStore|iPhone.ActiveCfg = Debug|Any CPU
		{7EA64101-97CE-49C5-A762-A20F5348565D}.AppStore|iPhone.Build.0 = Debug|Any CPU
		{7EA64101-97CE-49C5-A762-A20F5348565D}.AppStore|iPhoneSimulator.ActiveCfg = Debug|Any CPU
		{7EA64101-97CE-49C5-A762-A20F5348565D}.AppStore|iPhoneSimulator.Build.0 = Debug|Any CPU
		{7EA64101-97CE-49C5-A762-A20F5348565D}.Debug|Any CPU.ActiveCfg = Debug|Any CPU
		{7EA64101-97CE-49C5-A762-A20F5348565D}.Debug|Any CPU.Build.0 = Debug|Any CPU
		{7EA64101-97CE-49C5-A762-A20F5348565D}.Debug|iPhone.ActiveCfg = Debug|Any CPU
		{7EA64101-97CE-49C5-A762-A20F5348565D}.Debug|iPhone.Build.0 = Debug|Any CPU
		{7EA64101-97CE-49C5-A762-A20F5348565D}.Debug|iPhoneSimulator.ActiveCfg = Debug|Any CPU
		{7EA64101-97CE-49C5-A762-A20F5348565D}.Debug|iPhoneSimulator.Build.0 = Debug|Any CPU
		{7EA64101-97CE-49C5-A762-A20F5348565D}.Release|Any CPU.ActiveCfg = Release|Any CPU
		{7EA64101-97CE-49C5-A762-A20F5348565D}.Release|Any CPU.Build.0 = Release|Any CPU
		{7EA64101-97CE-49C5-A762-A20F5348565D}.Release|iPhone.ActiveCfg = Release|Any CPU
		{7EA64101-97CE-49C5-A762-A20F5348565D}.Release|iPhone.Build.0 = Release|Any CPU
		{7EA64101-97CE-49C5-A762-A20F5348565D}.Release|iPhoneSimulator.ActiveCfg = Release|Any CPU
		{7EA64101-97CE-49C5-A762-A20F5348565D}.Release|iPhoneSimulator.Build.0 = Release|Any CPU
	EndGlobalSection
	GlobalSection(SolutionProperties) = preSolution
		HideSolutionNode = FALSE
	EndGlobalSection
	GlobalSection(ExtensibilityGlobals) = postSolution
		SolutionGuid = {6EA0995C-8160-44D4-AAC0-16426E26A404}
	EndGlobalSection
EndGlobal
